
Microsoft Visual Studio Solution File, Format Version 12.00
# Visual Studio Version 16
VisualStudioVersion = 16.0.30309.148
MinimumVisualStudioVersion = 10.0.40219.1
Project("{FAE04EC0-301F-11D3-BF4B-00C04F79EFBC}") = "HelloWorld", "HelloWorld\HelloWorld.csproj", "{A5FE794E-CF7E-4995-836F-8EFF9FC7E3E5}"
EndProject
Global
	GlobalSection(SolutionConfigurationPlatforms) = preSolution
		Debug|Any CPU = Debug|Any CPU
		Release|Any CPU = Release|Any CPU
	EndGlobalSection
	GlobalSection(ProjectConfigurationPlatforms) = postSolution
		{A5FE794E-CF7E-4995-836F-8EFF9FC7E3E5}.Debug|Any CPU.ActiveCfg = Debug|Any CPU
		{A5FE794E-CF7E-4995-836F-8EFF9FC7E3E5}.Debug|Any CPU.Build.0 = Debug|Any CPU
		{A5FE794E-CF7E-4995-836F-8EFF9FC7E3E5}.Release|Any CPU.ActiveCfg = Release|Any CPU
		{A5FE794E-CF7E-4995-836F-8EFF9FC7E3E5}.Release|Any CPU.Build.0 = Release|Any CPU
	EndGlobalSection
	GlobalSection(SolutionProperties) = preSolution
		HideSolutionNode = FALSE
	EndGlobalSection
	GlobalSection(ExtensibilityGlobals) = postSolution
		SolutionGuid = {1AC06C08-3CA3-4BFC-BE2E-6B39E6385B6D}
	EndGlobalSection
EndGlobal
